
Microsoft Visual Studio Solution File, Format Version 11.00
# Visual Studio 2010
Project("{FAE04EC0-301F-11D3-BF4B-00C04F79EFBC}") = "WhoAmIService", "WhoAmIService\WhoAmIService.csproj", "{49591E4A-3B69-4EDD-A33D-CF8F13054401}"
EndProject
Project("{FAE04EC0-301F-11D3-BF4B-00C04F79EFBC}") = "WhoAmIClient", "WhoAmIClient\WhoAmIClient.csproj", "{516BE8BC-3495-49BA-962B-DF0011DDE738}"
EndProject
Project("{FAE04EC0-301F-11D3-BF4B-00C04F79EFBC}") = "IdPWhoAmI", "IdPWhoAmI\IdPWhoAmI.csproj", "{B5028A99-11FF-478D-8CEE-7149D47C5609}"
EndProject
Global
	GlobalSection(SolutionConfigurationPlatforms) = preSolution
		Debug|Any CPU = Debug|Any CPU
		Debug|Mixed Platforms = Debug|Mixed Platforms
		Debug|x86 = Debug|x86
		Release|Any CPU = Release|Any CPU
		Release|Mixed Platforms = Release|Mixed Platforms
		Release|x86 = Release|x86
	EndGlobalSection
	GlobalSection(ProjectConfigurationPlatforms) = postSolution
		{49591E4A-3B69-4EDD-A33D-CF8F13054401}.Debug|Any CPU.ActiveCfg = Debug|Any CPU
		{49591E4A-3B69-4EDD-A33D-CF8F13054401}.Debug|Any CPU.Build.0 = Debug|Any CPU
		{49591E4A-3B69-4EDD-A33D-CF8F13054401}.Debug|Mixed Platforms.ActiveCfg = Debug|Any CPU
		{49591E4A-3B69-4EDD-A33D-CF8F13054401}.Debug|Mixed Platforms.Build.0 = Debug|Any CPU
		{49591E4A-3B69-4EDD-A33D-CF8F13054401}.Debug|x86.ActiveCfg = Debug|Any CPU
		{49591E4A-3B69-4EDD-A33D-CF8F13054401}.Release|Any CPU.ActiveCfg = Release|Any CPU
		{49591E4A-3B69-4EDD-A33D-CF8F13054401}.Release|Any CPU.Build.0 = Release|Any CPU
		{49591E4A-3B69-4EDD-A33D-CF8F13054401}.Release|Mixed Platforms.ActiveCfg = Release|Any CPU
		{49591E4A-3B69-4EDD-A33D-CF8F13054401}.Release|Mixed Platforms.Build.0 = Release|Any CPU
		{49591E4A-3B69-4EDD-A33D-CF8F13054401}.Release|x86.ActiveCfg = Release|Any CPU
		{516BE8BC-3495-49BA-962B-DF0011DDE738}.Debug|Any CPU.ActiveCfg = Debug|x86
		{516BE8BC-3495-49BA-962B-DF0011DDE738}.Debug|Mixed Platforms.ActiveCfg = Debug|x86
		{516BE8BC-3495-49BA-962B-DF0011DDE738}.Debug|Mixed Platforms.Build.0 = Debug|x86
		{516BE8BC-3495-49BA-962B-DF0011DDE738}.Debug|x86.ActiveCfg = Debug|x86
		{516BE8BC-3495-49BA-962B-DF0011DDE738}.Debug|x86.Build.0 = Debug|x86
		{516BE8BC-3495-49BA-962B-DF0011DDE738}.Release|Any CPU.ActiveCfg = Release|x86
		{516BE8BC-3495-49BA-962B-DF0011DDE738}.Release|Mixed Platforms.ActiveCfg = Release|x86
		{516BE8BC-3495-49BA-962B-DF0011DDE738}.Release|Mixed Platforms.Build.0 = Release|x86
		{516BE8BC-3495-49BA-962B-DF0011DDE738}.Release|x86.ActiveCfg = Release|x86
		{516BE8BC-3495-49BA-962B-DF0011DDE738}.Release|x86.Build.0 = Release|x86
		{B5028A99-11FF-478D-8CEE-7149D47C5609}.Debug|Any CPU.ActiveCfg = Debug|Any CPU
		{B5028A99-11FF-478D-8CEE-7149D47C5609}.Debug|Any CPU.Build.0 = Debug|Any CPU
		{B5028A99-11FF-478D-8CEE-7149D47C5609}.Debug|Mixed Platforms.ActiveCfg = Debug|Any CPU
		{B5028A99-11FF-478D-8CEE-7149D47C5609}.Debug|Mixed Platforms.Build.0 = Debug|Any CPU
		{B5028A99-11FF-478D-8CEE-7149D47C5609}.Debug|x86.ActiveCfg = Debug|Any CPU
		{B5028A99-11FF-478D-8CEE-7149D47C5609}.Release|Any CPU.ActiveCfg = Release|Any CPU
		{B5028A99-11FF-478D-8CEE-7149D47C5609}.Release|Any CPU.Build.0 = Release|Any CPU
		{B5028A99-11FF-478D-8CEE-7149D47C5609}.Release|Mixed Platforms.ActiveCfg = Release|Any CPU
		{B5028A99-11FF-478D-8CEE-7149D47C5609}.Release|Mixed Platforms.Build.0 = Release|Any CPU
		{B5028A99-11FF-478D-8CEE-7149D47C5609}.Release|x86.ActiveCfg = Release|Any CPU
	EndGlobalSection
	GlobalSection(SolutionProperties) = preSolution
		HideSolutionNode = FALSE
	EndGlobalSection
EndGlobal
